{
  "requires": true,
  "lockfileVersion": 1,
  "dependencies": {
    "jquery.idle": {
      "version": "1.3.0",
      "resolved": "https://registry.npmjs.org/jquery.idle/-/jquery.idle-1.3.0.tgz",
      "integrity": "sha512-WzUPvkpq+UR7oDWcGhSf3278yJEZvrnpjx5L0EdM4dBGcbLYo2N0s8ICIQhO9xdNVceQbPilOPgoe58+iMfpmg=="
    }
  }
}
